
Microsoft Visual Studio Solution File, Format Version 12.00
# Visual Studio Version 16
VisualStudioVersion = 16.0.31515.178
MinimumVisualStudioVersion = 10.0.40219.1
Project("{8BC9CEB8-8B4A-11D0-8D11-00A0C91BC942}") = "3-b5.cpp", "3-b5.cpp\3-b5.cpp.vcxproj", "{928088DF-BF69-4583-A0D0-F30D07DB1428}"
EndProject
Global
	GlobalSection(SolutionConfigurationPlatforms) = preSolution
		Debug|x64 = Debug|x64
		Debug|x86 = Debug|x86
		Release|x64 = Release|x64
		Release|x86 = Release|x86
	EndGlobalSection
	GlobalSection(ProjectConfigurationPlatforms) = postSolution
		{928088DF-BF69-4583-A0D0-F30D07DB1428}.Debug|x64.ActiveCfg = Debug|x64
		{928088DF-BF69-4583-A0D0-F30D07DB1428}.Debug|x64.Build.0 = Debug|x64
		{928088DF-BF69-4583-A0D0-F30D07DB1428}.Debug|x86.ActiveCfg = Debug|Win32
		{928088DF-BF69-4583-A0D0-F30D07DB1428}.Debug|x86.Build.0 = Debug|Win32
		{928088DF-BF69-4583-A0D0-F30D07DB1428}.Release|x64.ActiveCfg = Release|x64
		{928088DF-BF69-4583-A0D0-F30D07DB1428}.Release|x64.Build.0 = Release|x64
		{928088DF-BF69-4583-A0D0-F30D07DB1428}.Release|x86.ActiveCfg = Release|Win32
		{928088DF-BF69-4583-A0D0-F30D07DB1428}.Release|x86.Build.0 = Release|Win32
	EndGlobalSection
	GlobalSection(SolutionProperties) = preSolution
		HideSolutionNode = FALSE
	EndGlobalSection
	GlobalSection(ExtensibilityGlobals) = postSolution
		SolutionGuid = {94CF62EA-2A85-48A5-9F2E-7A1D48ABE153}
	EndGlobalSection
EndGlobal
