
Microsoft Visual Studio Solution File, Format Version 12.00
# Visual Studio Version 16
VisualStudioVersion = 16.0.31515.178
MinimumVisualStudioVersion = 10.0.40219.1
Project("{8BC9CEB8-8B4A-11D0-8D11-00A0C91BC942}") = "plus1.cpp", "plus1.cpp\plus1.cpp.vcxproj", "{BEE14013-1A49-4809-A1E8-FCB8AC08C0E5}"
EndProject
Global
	GlobalSection(SolutionConfigurationPlatforms) = preSolution
		Debug|x64 = Debug|x64
		Debug|x86 = Debug|x86
		Release|x64 = Release|x64
		Release|x86 = Release|x86
	EndGlobalSection
	GlobalSection(ProjectConfigurationPlatforms) = postSolution
		{BEE14013-1A49-4809-A1E8-FCB8AC08C0E5}.Debug|x64.ActiveCfg = Debug|x64
		{BEE14013-1A49-4809-A1E8-FCB8AC08C0E5}.Debug|x64.Build.0 = Debug|x64
		{BEE14013-1A49-4809-A1E8-FCB8AC08C0E5}.Debug|x86.ActiveCfg = Debug|Win32
		{BEE14013-1A49-4809-A1E8-FCB8AC08C0E5}.Debug|x86.Build.0 = Debug|Win32
		{BEE14013-1A49-4809-A1E8-FCB8AC08C0E5}.Release|x64.ActiveCfg = Release|x64
		{BEE14013-1A49-4809-A1E8-FCB8AC08C0E5}.Release|x64.Build.0 = Release|x64
		{BEE14013-1A49-4809-A1E8-FCB8AC08C0E5}.Release|x86.ActiveCfg = Release|Win32
		{BEE14013-1A49-4809-A1E8-FCB8AC08C0E5}.Release|x86.Build.0 = Release|Win32
	EndGlobalSection
	GlobalSection(SolutionProperties) = preSolution
		HideSolutionNode = FALSE
	EndGlobalSection
	GlobalSection(ExtensibilityGlobals) = postSolution
		SolutionGuid = {E6D4C258-97CA-4D25-AB5F-C17D4A31B35A}
	EndGlobalSection
EndGlobal
